<?xml version="1.0" encoding="utf-8"?>
<Project ToolsVersion="4.0" xmlns="http://schemas.microsoft.com/developer/msbuild/2003">
  <ItemGroup>
    <Filter Include="Source Files">
      <UniqueIdentifier>{4FC737F1-C7A5-4376-A066-2A32D752A2FF}</UniqueIdentifier>
      <Extensions>cpp;c;cc;cxx;def;odl;idl;hpj;bat;asm;asmx</Extensions>
    </Filter>
    <Filter Include="Header Files">
      <UniqueIdentifier>{93995380-89BD-4b04-88EB-625FBE52EBFB}</UniqueIdentifier>
      <Extensions>h;hh;hpp;hxx;hm;inl;inc;xsd</Extensions>
    </Filter>
    <Filter Include="Source Files\core">
      <UniqueIdentifier>{b69910cf-d901-4c8d-8aea-11fdbccb4e10}</UniqueIdentifier>
    </Filter>
    <Filter Include="Source Files\core\systems">
      <UniqueIdentifier>{56fdefc4-5bc1-4199-94b9-13c24eb921aa}</UniqueIdentifier>
    </Filter>
    <Filter Include="Source Files\core\systems\video">
      <UniqueIdentifier>{09bd874c-9117-4fc4-bb26-c14404169072}</UniqueIdentifier>
    </Filter>
    <Filter Include="Source Files\core\systems\input">
      <UniqueIdentifier>{d6827015-4e96-483e-ab63-53063861db08}</UniqueIdentifier>
    </Filter>
    <Filter Include="Source Files\glm">
      <UniqueIdentifier>{5e58adce-cf9e-43a5-9d6f-8c2dead4a290}</UniqueIdentifier>
    </Filter>
    <Filter Include="Source Files\stb">
      <UniqueIdentifier>{4c395804-f002-4663-a218-de4070d15acf}</UniqueIdentifier>
    </Filter>
    <Filter Include="Source Files\core\states">
      <UniqueIdentifier>{57565598-1d61-451f-a7e7-c4d5cc63df69}</UniqueIdentifier>
    </Filter>
    <Filter Include="Source Files\core\systems\video\views">
      <UniqueIdentifier>{40394990-cc7b-4210-a749-899ded5817f9}</UniqueIdentifier>
    </Filter>
  </ItemGroup>
  <ItemGroup>
    <ClCompile Include="src\main.cpp">
      <Filter>Source Files</Filter>
    </ClCompile>
    <ClCompile Include="src\core\Game.cpp">
      <Filter>Source Files\core</Filter>
    </ClCompile>
    <ClCompile Include="src\core\systems\video\VideoSystem.cpp">
      <Filter>Source Files\core\systems\video</Filter>
    </ClCompile>
    <ClCompile Include="src\core\systems\video\Window.cpp">
      <Filter>Source Files\core\systems\video</Filter>
    </ClCompile>
    <ClCompile Include="src\core\systems\input\InputSystem.cpp">
      <Filter>Source Files\core\systems\input</Filter>
    </ClCompile>
    <ClCompile Include="src\core\states\MainMenuState.cpp">
      <Filter>Source Files\core\states</Filter>
    </ClCompile>
    <ClCompile Include="src\core\systems\video\Texture.cpp">
      <Filter>Source Files\core\systems\video</Filter>
    </ClCompile>
  </ItemGroup>
  <ItemGroup>
    <ClInclude Include="libs\sdl\sdl2-2.24.0\include\begin_code.h">
      <Filter>Header Files</Filter>
    </ClInclude>
    <ClInclude Include="libs\sdl\sdl2-2.24.0\include\close_code.h">
      <Filter>Header Files</Filter>
    </ClInclude>
    <ClInclude Include="libs\sdl\sdl2-2.24.0\include\SDL.h">
      <Filter>Header Files</Filter>
    </ClInclude>
    <ClInclude Include="libs\sdl\sdl2-2.24.0\include\SDL_assert.h">
      <Filter>Header Files</Filter>
    </ClInclude>
    <ClInclude Include="libs\sdl\sdl2-2.24.0\include\SDL_atomic.h">
      <Filter>Header Files</Filter>
    </ClInclude>
    <ClInclude Include="libs\sdl\sdl2-2.24.0\include\SDL_audio.h">
      <Filter>Header Files</Filter>
    </ClInclude>
    <ClInclude Include="libs\sdl\sdl2-2.24.0\include\SDL_bits.h">
      <Filter>Header Files</Filter>
    </ClInclude>
    <ClInclude Include="libs\sdl\sdl2-2.24.0\include\SDL_blendmode.h">
      <Filter>Header Files</Filter>
    </ClInclude>
    <ClInclude Include="libs\sdl\sdl2-2.24.0\include\SDL_clipboard.h">
      <Filter>Header Files</Filter>
    </ClInclude>
    <ClInclude Include="libs\sdl\sdl2-2.24.0\include\SDL_config.h">
      <Filter>Header Files</Filter>
    </ClInclude>
    <ClInclude Include="libs\sdl\sdl2-2.24.0\include\SDL_config_android.h">
      <Filter>Header Files</Filter>
    </ClInclude>
    <ClInclude Include="libs\sdl\sdl2-2.24.0\include\SDL_config_iphoneos.h">
      <Filter>Header Files</Filter>
    </ClInclude>
    <ClInclude Include="libs\sdl\sdl2-2.24.0\include\SDL_config_macosx.h">
      <Filter>Header Files</Filter>
    </ClInclude>
    <ClInclude Include="libs\sdl\sdl2-2.24.0\include\SDL_config_minimal.h">
      <Filter>Header Files</Filter>
    </ClInclude>
    <ClInclude Include="libs\sdl\sdl2-2.24.0\include\SDL_config_pandora.h">
      <Filter>Header Files</Filter>
    </ClInclude>
    <ClInclude Include="libs\sdl\sdl2-2.24.0\include\SDL_config_psp.h">
      <Filter>Header Files</Filter>
    </ClInclude>
    <ClInclude Include="libs\sdl\sdl2-2.24.0\include\SDL_config_windows.h">
      <Filter>Header Files</Filter>
    </ClInclude>
    <ClInclude Include="libs\sdl\sdl2-2.24.0\include\SDL_config_winrt.h">
      <Filter>Header Files</Filter>
    </ClInclude>
    <ClInclude Include="libs\sdl\sdl2-2.24.0\include\SDL_config_wiz.h">
      <Filter>Header Files</Filter>
    </ClInclude>
    <ClInclude Include="libs\sdl\sdl2-2.24.0\include\SDL_copying.h">
      <Filter>Header Files</Filter>
    </ClInclude>
    <ClInclude Include="libs\sdl\sdl2-2.24.0\include\SDL_cpuinfo.h">
      <Filter>Header Files</Filter>
    </ClInclude>
    <ClInclude Include="libs\sdl\sdl2-2.24.0\include\SDL_egl.h">
      <Filter>Header Files</Filter>
    </ClInclude>
    <ClInclude Include="libs\sdl\sdl2-2.24.0\include\SDL_endian.h">
      <Filter>Header Files</Filter>
    </ClInclude>
    <ClInclude Include="libs\sdl\sdl2-2.24.0\include\SDL_error.h">
      <Filter>Header Files</Filter>
    </ClInclude>
    <ClInclude Include="libs\sdl\sdl2-2.24.0\include\SDL_events.h">
      <Filter>Header Files</Filter>
    </ClInclude>
    <ClInclude Include="libs\sdl\sdl2-2.24.0\include\SDL_filesystem.h">
      <Filter>Header Files</Filter>
    </ClInclude>
    <ClInclude Include="libs\sdl\sdl2-2.24.0\include\SDL_gamecontroller.h">
      <Filter>Header Files</Filter>
    </ClInclude>
    <ClInclude Include="libs\sdl\sdl2-2.24.0\include\SDL_gesture.h">
      <Filter>Header Files</Filter>
    </ClInclude>
    <ClInclude Include="libs\sdl\sdl2-2.24.0\include\SDL_guid.h">
      <Filter>Header Files</Filter>
    </ClInclude>
    <ClInclude Include="libs\sdl\sdl2-2.24.0\include\SDL_haptic.h">
      <Filter>Header Files</Filter>
    </ClInclude>
    <ClInclude Include="libs\sdl\sdl2-2.24.0\include\SDL_hidapi.h">
      <Filter>Header Files</Filter>
    </ClInclude>
    <ClInclude Include="libs\sdl\sdl2-2.24.0\include\SDL_hints.h">
      <Filter>Header Files</Filter>
    </ClInclude>
    <ClInclude Include="libs\sdl\sdl2-2.24.0\include\SDL_joystick.h">
      <Filter>Header Files</Filter>
    </ClInclude>
    <ClInclude Include="libs\sdl\sdl2-2.24.0\include\SDL_keyboard.h">
      <Filter>Header Files</Filter>
    </ClInclude>
    <ClInclude Include="libs\sdl\sdl2-2.24.0\include\SDL_keycode.h">
      <Filter>Header Files</Filter>
    </ClInclude>
    <ClInclude Include="libs\sdl\sdl2-2.24.0\include\SDL_loadso.h">
      <Filter>Header Files</Filter>
    </ClInclude>
    <ClInclude Include="libs\sdl\sdl2-2.24.0\include\SDL_locale.h">
      <Filter>Header Files</Filter>
    </ClInclude>
    <ClInclude Include="libs\sdl\sdl2-2.24.0\include\SDL_log.h">
      <Filter>Header Files</Filter>
    </ClInclude>
    <ClInclude Include="libs\sdl\sdl2-2.24.0\include\SDL_main.h">
      <Filter>Header Files</Filter>
    </ClInclude>
    <ClInclude Include="libs\sdl\sdl2-2.24.0\include\SDL_messagebox.h">
      <Filter>Header Files</Filter>
    </ClInclude>
    <ClInclude Include="libs\sdl\sdl2-2.24.0\include\SDL_metal.h">
      <Filter>Header Files</Filter>
    </ClInclude>
    <ClInclude Include="libs\sdl\sdl2-2.24.0\include\SDL_misc.h">
      <Filter>Header Files</Filter>
    </ClInclude>
    <ClInclude Include="libs\sdl\sdl2-2.24.0\include\SDL_mouse.h">
      <Filter>Header Files</Filter>
    </ClInclude>
    <ClInclude Include="libs\sdl\sdl2-2.24.0\include\SDL_mutex.h">
      <Filter>Header Files</Filter>
    </ClInclude>
    <ClInclude Include="libs\sdl\sdl2-2.24.0\include\SDL_name.h">
      <Filter>Header Files</Filter>
    </ClInclude>
    <ClInclude Include="libs\sdl\sdl2-2.24.0\include\SDL_opengl.h">
      <Filter>Header Files</Filter>
    </ClInclude>
    <ClInclude Include="libs\sdl\sdl2-2.24.0\include\SDL_opengles.h">
      <Filter>Header Files</Filter>
    </ClInclude>
    <ClInclude Include="libs\sdl\sdl2-2.24.0\include\SDL_opengles2.h">
      <Filter>Header Files</Filter>
    </ClInclude>
    <ClInclude Include="libs\sdl\sdl2-2.24.0\include\SDL_opengles2_gl2.h">
      <Filter>Header Files</Filter>
    </ClInclude>
    <ClInclude Include="libs\sdl\sdl2-2.24.0\include\SDL_opengles2_gl2ext.h">
      <Filter>Header Files</Filter>
    </ClInclude>
    <ClInclude Include="libs\sdl\sdl2-2.24.0\include\SDL_opengles2_gl2platform.h">
      <Filter>Header Files</Filter>
    </ClInclude>
    <ClInclude Include="libs\sdl\sdl2-2.24.0\include\SDL_opengles2_khrplatform.h">
      <Filter>Header Files</Filter>
    </ClInclude>
    <ClInclude Include="libs\sdl\sdl2-2.24.0\include\SDL_opengl_glext.h">
      <Filter>Header Files</Filter>
    </ClInclude>
    <ClInclude Include="libs\sdl\sdl2-2.24.0\include\SDL_pixels.h">
      <Filter>Header Files</Filter>
    </ClInclude>
    <ClInclude Include="libs\sdl\sdl2-2.24.0\include\SDL_platform.h">
      <Filter>Header Files</Filter>
    </ClInclude>
    <ClInclude Include="libs\sdl\sdl2-2.24.0\include\SDL_power.h">
      <Filter>Header Files</Filter>
    </ClInclude>
    <ClInclude Include="libs\sdl\sdl2-2.24.0\include\SDL_quit.h">
      <Filter>Header Files</Filter>
    </ClInclude>
    <ClInclude Include="libs\sdl\sdl2-2.24.0\include\SDL_rect.h">
      <Filter>Header Files</Filter>
    </ClInclude>
    <ClInclude Include="libs\sdl\sdl2-2.24.0\include\SDL_render.h">
      <Filter>Header Files</Filter>
    </ClInclude>
    <ClInclude Include="libs\sdl\sdl2-2.24.0\include\SDL_revision.h">
      <Filter>Header Files</Filter>
    </ClInclude>
    <ClInclude Include="libs\sdl\sdl2-2.24.0\include\SDL_rwops.h">
      <Filter>Header Files</Filter>
    </ClInclude>
    <ClInclude Include="libs\sdl\sdl2-2.24.0\include\SDL_scancode.h">
      <Filter>Header Files</Filter>
    </ClInclude>
    <ClInclude Include="libs\sdl\sdl2-2.24.0\include\SDL_sensor.h">
      <Filter>Header Files</Filter>
    </ClInclude>
    <ClInclude Include="libs\sdl\sdl2-2.24.0\include\SDL_shape.h">
      <Filter>Header Files</Filter>
    </ClInclude>
    <ClInclude Include="libs\sdl\sdl2-2.24.0\include\SDL_stdinc.h">
      <Filter>Header Files</Filter>
    </ClInclude>
    <ClInclude Include="libs\sdl\sdl2-2.24.0\include\SDL_surface.h">
      <Filter>Header Files</Filter>
    </ClInclude>
    <ClInclude Include="libs\sdl\sdl2-2.24.0\include\SDL_system.h">
      <Filter>Header Files</Filter>
    </ClInclude>
    <ClInclude Include="libs\sdl\sdl2-2.24.0\include\SDL_syswm.h">
      <Filter>Header Files</Filter>
    </ClInclude>
    <ClInclude Include="libs\sdl\sdl2-2.24.0\include\SDL_test.h">
      <Filter>Header Files</Filter>
    </ClInclude>
    <ClInclude Include="libs\sdl\sdl2-2.24.0\include\SDL_test_assert.h">
      <Filter>Header Files</Filter>
    </ClInclude>
    <ClInclude Include="libs\sdl\sdl2-2.24.0\include\SDL_test_common.h">
      <Filter>Header Files</Filter>
    </ClInclude>
    <ClInclude Include="libs\sdl\sdl2-2.24.0\include\SDL_test_compare.h">
      <Filter>Header Files</Filter>
    </ClInclude>
    <ClInclude Include="libs\sdl\sdl2-2.24.0\include\SDL_test_crc32.h">
      <Filter>Header Files</Filter>
    </ClInclude>
    <ClInclude Include="libs\sdl\sdl2-2.24.0\include\SDL_test_font.h">
      <Filter>Header Files</Filter>
    </ClInclude>
    <ClInclude Include="libs\sdl\sdl2-2.24.0\include\SDL_test_fuzzer.h">
      <Filter>Header Files</Filter>
    </ClInclude>
    <ClInclude Include="libs\sdl\sdl2-2.24.0\include\SDL_test_harness.h">
      <Filter>Header Files</Filter>
    </ClInclude>
    <ClInclude Include="libs\sdl\sdl2-2.24.0\include\SDL_test_images.h">
      <Filter>Header Files</Filter>
    </ClInclude>
    <ClInclude Include="libs\sdl\sdl2-2.24.0\include\SDL_test_log.h">
      <Filter>Header Files</Filter>
    </ClInclude>
    <ClInclude Include="libs\sdl\sdl2-2.24.0\include\SDL_test_md5.h">
      <Filter>Header Files</Filter>
    </ClInclude>
    <ClInclude Include="libs\sdl\sdl2-2.24.0\include\SDL_test_memory.h">
      <Filter>Header Files</Filter>
    </ClInclude>
    <ClInclude Include="libs\sdl\sdl2-2.24.0\include\SDL_test_random.h">
      <Filter>Header Files</Filter>
    </ClInclude>
    <ClInclude Include="libs\sdl\sdl2-2.24.0\include\SDL_thread.h">
      <Filter>Header Files</Filter>
    </ClInclude>
    <ClInclude Include="libs\sdl\sdl2-2.24.0\include\SDL_timer.h">
      <Filter>Header Files</Filter>
    </ClInclude>
    <ClInclude Include="libs\sdl\sdl2-2.24.0\include\SDL_touch.h">
      <Filter>Header Files</Filter>
    </ClInclude>
    <ClInclude Include="libs\sdl\sdl2-2.24.0\include\SDL_types.h">
      <Filter>Header Files</Filter>
    </ClInclude>
    <ClInclude Include="libs\sdl\sdl2-2.24.0\include\SDL_version.h">
      <Filter>Header Files</Filter>
    </ClInclude>
    <ClInclude Include="libs\sdl\sdl2-2.24.0\include\SDL_video.h">
      <Filter>Header Files</Filter>
    </ClInclude>
    <ClInclude Include="libs\sdl\sdl2-2.24.0\include\SDL_vulkan.h">
      <Filter>Header Files</Filter>
    </ClInclude>
    <ClInclude Include="src\core\Game.h">
      <Filter>Source Files\core</Filter>
    </ClInclude>
    <ClInclude Include="src\core\systems\video\VideoSystem.h">
      <Filter>Source Files\core\systems\video</Filter>
    </ClInclude>
    <ClInclude Include="src\core\systems\ISystem.h">
      <Filter>Source Files\core\systems</Filter>
    </ClInclude>
    <ClInclude Include="src\core\systems\video\Window.h">
      <Filter>Source Files\core\systems\video</Filter>
    </ClInclude>
    <ClInclude Include="src\core\systems\input\InputSystem.h">
      <Filter>Source Files\core\systems\input</Filter>
    </ClInclude>
    <ClInclude Include="src\core\Paths.h">
      <Filter>Source Files\core</Filter>
    </ClInclude>
    <ClInclude Include="src\glm\common.hpp">
      <Filter>Source Files\glm</Filter>
    </ClInclude>
    <ClInclude Include="src\glm\exponential.hpp">
      <Filter>Source Files\glm</Filter>
    </ClInclude>
    <ClInclude Include="src\glm\ext.hpp">
      <Filter>Source Files\glm</Filter>
    </ClInclude>
    <ClInclude Include="src\glm\fwd.hpp">
      <Filter>Source Files\glm</Filter>
    </ClInclude>
    <ClInclude Include="src\glm\geometric.hpp">
      <Filter>Source Files\glm</Filter>
    </ClInclude>
    <ClInclude Include="src\glm\glm.hpp">
      <Filter>Source Files\glm</Filter>
    </ClInclude>
    <ClInclude Include="src\glm\integer.hpp">
      <Filter>Source Files\glm</Filter>
    </ClInclude>
    <ClInclude Include="src\glm\mat2x2.hpp">
      <Filter>Source Files\glm</Filter>
    </ClInclude>
    <ClInclude Include="src\glm\mat2x3.hpp">
      <Filter>Source Files\glm</Filter>
    </ClInclude>
    <ClInclude Include="src\glm\mat2x4.hpp">
      <Filter>Source Files\glm</Filter>
    </ClInclude>
    <ClInclude Include="src\glm\mat3x2.hpp">
      <Filter>Source Files\glm</Filter>
    </ClInclude>
    <ClInclude Include="src\glm\mat3x3.hpp">
      <Filter>Source Files\glm</Filter>
    </ClInclude>
    <ClInclude Include="src\glm\mat3x4.hpp">
      <Filter>Source Files\glm</Filter>
    </ClInclude>
    <ClInclude Include="src\glm\mat4x2.hpp">
      <Filter>Source Files\glm</Filter>
    </ClInclude>
    <ClInclude Include="src\glm\mat4x3.hpp">
      <Filter>Source Files\glm</Filter>
    </ClInclude>
    <ClInclude Include="src\glm\mat4x4.hpp">
      <Filter>Source Files\glm</Filter>
    </ClInclude>
    <ClInclude Include="src\glm\matrix.hpp">
      <Filter>Source Files\glm</Filter>
    </ClInclude>
    <ClInclude Include="src\glm\packing.hpp">
      <Filter>Source Files\glm</Filter>
    </ClInclude>
    <ClInclude Include="src\glm\trigonometric.hpp">
      <Filter>Source Files\glm</Filter>
    </ClInclude>
    <ClInclude Include="src\glm\vec2.hpp">
      <Filter>Source Files\glm</Filter>
    </ClInclude>
    <ClInclude Include="src\glm\vec3.hpp">
      <Filter>Source Files\glm</Filter>
    </ClInclude>
    <ClInclude Include="src\glm\vec4.hpp">
      <Filter>Source Files\glm</Filter>
    </ClInclude>
    <ClInclude Include="src\glm\vector_relational.hpp">
      <Filter>Source Files\glm</Filter>
    </ClInclude>
    <ClInclude Include="src\stb\stb_image.h">
      <Filter>Source Files\stb</Filter>
    </ClInclude>
    <ClInclude Include="src\core\states\IState.h">
      <Filter>Source Files\core\states</Filter>
    </ClInclude>
    <ClInclude Include="src\core\states\MainMenuState.h">
      <Filter>Source Files\core\states</Filter>
    </ClInclude>
    <ClInclude Include="src\core\systems\video\Texture.h">
      <Filter>Source Files\core\systems\video</Filter>
    </ClInclude>
  </ItemGroup>
  <ItemGroup>
    <Text Include="src\glm\CMakeLists.txt">
      <Filter>Source Files\glm</Filter>
    </Text>
  </ItemGroup>
</Project>